
Microsoft Visual Studio Solution File, Format Version 12.00
# Visual Studio Version 17
VisualStudioVersion = 17.9.34723.18
MinimumVisualStudioVersion = 10.0.40219.1
Project("{FAE04EC0-301F-11D3-BF4B-00C04F79EFBC}") = "Лабораторная 2", "Лабораторная 2.csproj", "{78DE6856-2982-4D8B-BCDA-3BCE86C813DE}"
EndProject
Global
	GlobalSection(SolutionConfigurationPlatforms) = preSolution
		Debug|Any CPU = Debug|Any CPU
		Release|Any CPU = Release|Any CPU
	EndGlobalSection
	GlobalSection(ProjectConfigurationPlatforms) = postSolution
		{78DE6856-2982-4D8B-BCDA-3BCE86C813DE}.Debug|Any CPU.ActiveCfg = Debug|Any CPU
		{78DE6856-2982-4D8B-BCDA-3BCE86C813DE}.Debug|Any CPU.Build.0 = Debug|Any CPU
		{78DE6856-2982-4D8B-BCDA-3BCE86C813DE}.Release|Any CPU.ActiveCfg = Release|Any CPU
		{78DE6856-2982-4D8B-BCDA-3BCE86C813DE}.Release|Any CPU.Build.0 = Release|Any CPU
	EndGlobalSection
	GlobalSection(SolutionProperties) = preSolution
		HideSolutionNode = FALSE
	EndGlobalSection
	GlobalSection(ExtensibilityGlobals) = postSolution
		SolutionGuid = {04A1ACF8-17B9-4E71-8357-B3E5AD7A326E}
	EndGlobalSection
EndGlobal
